{
    "_meta": {
        "hash": {
            "sha256": "31ef4c1ab1c3801b92e2d6a56cef376641c756238477ecfc4b25ed3678fc6ed6"
        },
        "pipfile-spec": 6,
        "requires": {
            "python_version": "3.6"
        },
        "sources": [
            {
                "name": "pypi",
                "url": "https://pypi.org/simple",
                "verify_ssl": true
            }
        ]
    },
    "default": {
        "youtube-dl": {
            "hashes": [
                "sha256:f0831d15eec48e980c9bc00657ede5e21775d463db2d0af9f6ba482225d6c2bf",
                "sha256:ff65a10f81b64d8e0d1872a89bee0d075370ba6e4c658193e56e6f93e5ca46ba"
            ],
            "index": "pypi",
            "version": "==2019.8.13"
        }
    },
    "develop": {}
}
